// !$*UTF8*$!
{
	archiveVersion = 1;
	classes = {
	};
	objectVersion = 46;
	objects = {

/* Begin PBXBuildFile section */
		477AD86017849BA3000F11E3 /* libSQLiteManager.a in Frameworks */ = {isa = PBXBuildFile; fileRef = 47DE44E0177A8DE00040A397 /* libSQLiteManager.a */; };
		477AD86117849BB1000F11E3 /* libsqlite3.dylib in Frameworks */ = {isa = PBXBuildFile; fileRef = 47DE44EC177A92420040A397 /* libsqlite3.dylib */; };
		477AD8651784A75C000F11E3 /* Categorysss.m in Sources */ = {isa = PBXBuildFile; fileRef = 477AD8631784A5D3000F11E3 /* Categorysss.m */; };
		477AD8661784A919000F11E3 /* Categorysss.m in Sources */ = {isa = PBXBuildFile; fileRef = 477AD8631784A5D3000F11E3 /* Categorysss.m */; };
		47DE44BA177A8DC50040A397 /* UIKit.framework in Frameworks */ = {isa = PBXBuildFile; fileRef = 47DE44B9177A8DC50040A397 /* UIKit.framework */; };
		47DE44BC177A8DC50040A397 /* Foundation.framework in Frameworks */ = {isa = PBXBuildFile; fileRef = 47DE44BB177A8DC50040A397 /* Foundation.framework */; };
		47DE44BE177A8DC50040A397 /* CoreGraphics.framework in Frameworks */ = {isa = PBXBuildFile; fileRef = 47DE44BD177A8DC50040A397 /* CoreGraphics.framework */; };
		47DE44E1177A8DE00040A397 /* Foundation.framework in Frameworks */ = {isa = PBXBuildFile; fileRef = 47DE44BB177A8DC50040A397 /* Foundation.framework */; };
		47DE44ED177A92420040A397 /* libsqlite3.dylib in Frameworks */ = {isa = PBXBuildFile; fileRef = 47DE44EC177A92420040A397 /* libsqlite3.dylib */; };
		47E3B77B186DE5B800D6A54E /* SQLiteCondition.m in Sources */ = {isa = PBXBuildFile; fileRef = 47E3B774186DE5B800D6A54E /* SQLiteCondition.m */; };
		47E3B77C186DE5B800D6A54E /* SQLiteDriver.m in Sources */ = {isa = PBXBuildFile; fileRef = 47E3B776186DE5B800D6A54E /* SQLiteDriver.m */; };
		47E3B77D186DE5B800D6A54E /* SQLiteManager.m in Sources */ = {isa = PBXBuildFile; fileRef = 47E3B778186DE5B800D6A54E /* SQLiteManager.m */; };
		47E3B77E186DE5B800D6A54E /* SQLiteResult.m in Sources */ = {isa = PBXBuildFile; fileRef = 47E3B77A186DE5B800D6A54E /* SQLiteResult.m */; };
		47E3B78E186DE61B00D6A54E /* AppDelegate.m in Sources */ = {isa = PBXBuildFile; fileRef = 47E3B781186DE61B00D6A54E /* AppDelegate.m */; };
		47E3B78F186DE61B00D6A54E /* Default-568h@2x.png in Resources */ = {isa = PBXBuildFile; fileRef = 47E3B782186DE61B00D6A54E /* Default-568h@2x.png */; };
		47E3B790186DE61B00D6A54E /* Default.png in Resources */ = {isa = PBXBuildFile; fileRef = 47E3B783186DE61B00D6A54E /* Default.png */; };
		47E3B791186DE61B00D6A54E /* Default@2x.png in Resources */ = {isa = PBXBuildFile; fileRef = 47E3B784186DE61B00D6A54E /* Default@2x.png */; };
		47E3B792186DE61B00D6A54E /* InfoPlist.strings in Resources */ = {isa = PBXBuildFile; fileRef = 47E3B785186DE61B00D6A54E /* InfoPlist.strings */; };
		47E3B793186DE61B00D6A54E /* MainStoryboard.storyboard in Resources */ = {isa = PBXBuildFile; fileRef = 47E3B787186DE61B00D6A54E /* MainStoryboard.storyboard */; };
		47E3B794186DE61B00D6A54E /* main.m in Sources */ = {isa = PBXBuildFile; fileRef = 47E3B789186DE61B00D6A54E /* main.m */; };
		47E3B795186DE61B00D6A54E /* SQLiteManagerDemo-Info.plist in Resources */ = {isa = PBXBuildFile; fileRef = 47E3B78A186DE61B00D6A54E /* SQLiteManagerDemo-Info.plist */; };
		47E3B796186DE61B00D6A54E /* ViewController.m in Sources */ = {isa = PBXBuildFile; fileRef = 47E3B78D186DE61B00D6A54E /* ViewController.m */; };
/* End PBXBuildFile section */

/* Begin PBXContainerItemProxy section */
		477AD85E17849B72000F11E3 /* PBXContainerItemProxy */ = {
			isa = PBXContainerItemProxy;
			containerPortal = 47DE44AE177A8DC50040A397 /* Project object */;
			proxyType = 1;
			remoteGlobalIDString = 47DE44DF177A8DE00040A397;
			remoteInfo = SQLiteHelper;
		};
/* End PBXContainerItemProxy section */

/* Begin PBXCopyFilesBuildPhase section */
		47DE44DE177A8DE00040A397 /* CopyFiles */ = {
			isa = PBXCopyFilesBuildPhase;
			buildActionMask = 2147483647;
			dstPath = "include/${PRODUCT_NAME}";
			dstSubfolderSpec = 16;
			files = (
			);
			runOnlyForDeploymentPostprocessing = 0;
		};
/* End PBXCopyFilesBuildPhase section */

/* Begin PBXFileReference section */
		477AD8621784A5D3000F11E3 /* Categorysss.h */ = {isa = PBXFileReference; fileEncoding = 4; lastKnownFileType = sourcecode.c.h; path = Categorysss.h; sourceTree = "<group>"; };
		477AD8631784A5D3000F11E3 /* Categorysss.m */ = {isa = PBXFileReference; fileEncoding = 4; lastKnownFileType = sourcecode.c.objc; path = Categorysss.m; sourceTree = "<group>"; };
		47B6AA211B72646F0068C9BE /* SQLiteManager.podspec */ = {isa = PBXFileReference; lastKnownFileType = text; path = SQLiteManager.podspec; sourceTree = "<group>"; };
		47DE44B6177A8DC50040A397 /* SQLiteManagerDemo.app */ = {isa = PBXFileReference; explicitFileType = wrapper.application; includeInIndex = 0; path = SQLiteManagerDemo.app; sourceTree = BUILT_PRODUCTS_DIR; };
		47DE44B9177A8DC50040A397 /* UIKit.framework */ = {isa = PBXFileReference; lastKnownFileType = wrapper.framework; name = UIKit.framework; path = System/Library/Frameworks/UIKit.framework; sourceTree = SDKROOT; };
		47DE44BB177A8DC50040A397 /* Foundation.framework */ = {isa = PBXFileReference; lastKnownFileType = wrapper.framework; name = Foundation.framework; path = System/Library/Frameworks/Foundation.framework; sourceTree = SDKROOT; };
		47DE44BD177A8DC50040A397 /* CoreGraphics.framework */ = {isa = PBXFileReference; lastKnownFileType = wrapper.framework; name = CoreGraphics.framework; path = System/Library/Frameworks/CoreGraphics.framework; sourceTree = SDKROOT; };
		47DE44E0177A8DE00040A397 /* libSQLiteManager.a */ = {isa = PBXFileReference; explicitFileType = archive.ar; includeInIndex = 0; path = libSQLiteManager.a; sourceTree = BUILT_PRODUCTS_DIR; };
		47DE44EC177A92420040A397 /* libsqlite3.dylib */ = {isa = PBXFileReference; lastKnownFileType = "compiled.mach-o.dylib"; name = libsqlite3.dylib; path = usr/lib/libsqlite3.dylib; sourceTree = SDKROOT; };
		47E3B773186DE5B800D6A54E /* SQLiteCondition.h */ = {isa = PBXFileReference; fileEncoding = 4; lastKnownFileType = sourcecode.c.h; path = SQLiteCondition.h; sourceTree = "<group>"; };
		47E3B774186DE5B800D6A54E /* SQLiteCondition.m */ = {isa = PBXFileReference; fileEncoding = 4; lastKnownFileType = sourcecode.c.objc; path = SQLiteCondition.m; sourceTree = "<group>"; };
		47E3B775186DE5B800D6A54E /* SQLiteDriver.h */ = {isa = PBXFileReference; fileEncoding = 4; lastKnownFileType = sourcecode.c.h; path = SQLiteDriver.h; sourceTree = "<group>"; };
		47E3B776186DE5B800D6A54E /* SQLiteDriver.m */ = {isa = PBXFileReference; fileEncoding = 4; lastKnownFileType = sourcecode.c.objc; path = SQLiteDriver.m; sourceTree = "<group>"; };
		47E3B777186DE5B800D6A54E /* SQLiteManager.h */ = {isa = PBXFileReference; fileEncoding = 4; lastKnownFileType = sourcecode.c.h; path = SQLiteManager.h; sourceTree = "<group>"; };
		47E3B778186DE5B800D6A54E /* SQLiteManager.m */ = {isa = PBXFileReference; fileEncoding = 4; lastKnownFileType = sourcecode.c.objc; path = SQLiteManager.m; sourceTree = "<group>"; };
		47E3B779186DE5B800D6A54E /* SQLiteResult.h */ = {isa = PBXFileReference; fileEncoding = 4; lastKnownFileType = sourcecode.c.h; path = SQLiteResult.h; sourceTree = "<group>"; };
		47E3B77A186DE5B800D6A54E /* SQLiteResult.m */ = {isa = PBXFileReference; fileEncoding = 4; lastKnownFileType = sourcecode.c.objc; path = SQLiteResult.m; sourceTree = "<group>"; };
		47E3B780186DE61B00D6A54E /* AppDelegate.h */ = {isa = PBXFileReference; fileEncoding = 4; lastKnownFileType = sourcecode.c.h; path = AppDelegate.h; sourceTree = "<group>"; };
		47E3B781186DE61B00D6A54E /* AppDelegate.m */ = {isa = PBXFileReference; fileEncoding = 4; lastKnownFileType = sourcecode.c.objc; path = AppDelegate.m; sourceTree = "<group>"; };
		47E3B782186DE61B00D6A54E /* Default-568h@2x.png */ = {isa = PBXFileReference; lastKnownFileType = image.png; path = "Default-568h@2x.png"; sourceTree = "<group>"; };
		47E3B783186DE61B00D6A54E /* Default.png */ = {isa = PBXFileReference; lastKnownFileType = image.png; path = Default.png; sourceTree = "<group>"; };
		47E3B784186DE61B00D6A54E /* Default@2x.png */ = {isa = PBXFileReference; lastKnownFileType = image.png; path = "Default@2x.png"; sourceTree = "<group>"; };
		47E3B786186DE61B00D6A54E /* en */ = {isa = PBXFileReference; lastKnownFileType = text.plist.strings; name = en; path = en.lproj/InfoPlist.strings; sourceTree = "<group>"; };
		47E3B788186DE61B00D6A54E /* en */ = {isa = PBXFileReference; lastKnownFileType = file.storyboard; name = en; path = en.lproj/MainStoryboard.storyboard; sourceTree = "<group>"; };
		47E3B789186DE61B00D6A54E /* main.m */ = {isa = PBXFileReference; fileEncoding = 4; lastKnownFileType = sourcecode.c.objc; path = main.m; sourceTree = "<group>"; };
		47E3B78A186DE61B00D6A54E /* SQLiteManagerDemo-Info.plist */ = {isa = PBXFileReference; fileEncoding = 4; lastKnownFileType = text.plist.xml; path = "SQLiteManagerDemo-Info.plist"; sourceTree = "<group>"; };
		47E3B78B186DE61B00D6A54E /* SQLiteManagerDemo-Prefix.pch */ = {isa = PBXFileReference; fileEncoding = 4; lastKnownFileType = sourcecode.c.h; path = "SQLiteManagerDemo-Prefix.pch"; sourceTree = "<group>"; };
		47E3B78C186DE61B00D6A54E /* ViewController.h */ = {isa = PBXFileReference; fileEncoding = 4; lastKnownFileType = sourcecode.c.h; path = ViewController.h; sourceTree = "<group>"; };
		47E3B78D186DE61B00D6A54E /* ViewController.m */ = {isa = PBXFileReference; fileEncoding = 4; lastKnownFileType = sourcecode.c.objc; path = ViewController.m; sourceTree = "<group>"; };
/* End PBXFileReference section */

/* Begin PBXFrameworksBuildPhase section */
		47DE44B3177A8DC50040A397 /* Frameworks */ = {
			isa = PBXFrameworksBuildPhase;
			buildActionMask = 2147483647;
			files = (
				477AD86117849BB1000F11E3 /* libsqlite3.dylib in Frameworks */,
				477AD86017849BA3000F11E3 /* libSQLiteManager.a in Frameworks */,
				47DE44BA177A8DC50040A397 /* UIKit.framework in Frameworks */,
				47DE44BC177A8DC50040A397 /* Foundation.framework in Frameworks */,
				47DE44BE177A8DC50040A397 /* CoreGraphics.framework in Frameworks */,
			);
			runOnlyForDeploymentPostprocessing = 0;
		};
		47DE44DD177A8DE00040A397 /* Frameworks */ = {
			isa = PBXFrameworksBuildPhase;
			buildActionMask = 2147483647;
			files = (
				47DE44ED177A92420040A397 /* libsqlite3.dylib in Frameworks */,
				47DE44E1177A8DE00040A397 /* Foundation.framework in Frameworks */,
			);
			runOnlyForDeploymentPostprocessing = 0;
		};
/* End PBXFrameworksBuildPhase section */

/* Begin PBXGroup section */
		47DE44AD177A8DC50040A397 = {
			isa = PBXGroup;
			children = (
				47B6AA211B72646F0068C9BE /* SQLiteManager.podspec */,
				477AD8621784A5D3000F11E3 /* Categorysss.h */,
				477AD8631784A5D3000F11E3 /* Categorysss.m */,
				47DE44EC177A92420040A397 /* libsqlite3.dylib */,
				47E3B772186DE5B800D6A54E /* SQLiteManager */,
				47E3B77F186DE61B00D6A54E /* SQLiteManagerDemo */,
				47DE44B8177A8DC50040A397 /* Frameworks */,
				47DE44B7177A8DC50040A397 /* Products */,
			);
			sourceTree = "<group>";
		};
		47DE44B7177A8DC50040A397 /* Products */ = {
			isa = PBXGroup;
			children = (
				47DE44B6177A8DC50040A397 /* SQLiteManagerDemo.app */,
				47DE44E0177A8DE00040A397 /* libSQLiteManager.a */,
			);
			name = Products;
			sourceTree = "<group>";
		};
		47DE44B8177A8DC50040A397 /* Frameworks */ = {
			isa = PBXGroup;
			children = (
				47DE44B9177A8DC50040A397 /* UIKit.framework */,
				47DE44BB177A8DC50040A397 /* Foundation.framework */,
				47DE44BD177A8DC50040A397 /* CoreGraphics.framework */,
			);
			name = Frameworks;
			sourceTree = "<group>";
		};
		47E3B772186DE5B800D6A54E /* SQLiteManager */ = {
			isa = PBXGroup;
			children = (
				47E3B773186DE5B800D6A54E /* SQLiteCondition.h */,
				47E3B774186DE5B800D6A54E /* SQLiteCondition.m */,
				47E3B775186DE5B800D6A54E /* SQLiteDriver.h */,
				47E3B776186DE5B800D6A54E /* SQLiteDriver.m */,
				47E3B777186DE5B800D6A54E /* SQLiteManager.h */,
				47E3B778186DE5B800D6A54E /* SQLiteManager.m */,
				47E3B779186DE5B800D6A54E /* SQLiteResult.h */,
				47E3B77A186DE5B800D6A54E /* SQLiteResult.m */,
			);
			path = SQLiteManager;
			sourceTree = "<group>";
		};
		47E3B77F186DE61B00D6A54E /* SQLiteManagerDemo */ = {
			isa = PBXGroup;
			children = (
				47E3B780186DE61B00D6A54E /* AppDelegate.h */,
				47E3B781186DE61B00D6A54E /* AppDelegate.m */,
				47E3B782186DE61B00D6A54E /* Default-568h@2x.png */,
				47E3B783186DE61B00D6A54E /* Default.png */,
				47E3B784186DE61B00D6A54E /* Default@2x.png */,
				47E3B785186DE61B00D6A54E /* InfoPlist.strings */,
				47E3B787186DE61B00D6A54E /* MainStoryboard.storyboard */,
				47E3B789186DE61B00D6A54E /* main.m */,
				47E3B78A186DE61B00D6A54E /* SQLiteManagerDemo-Info.plist */,
				47E3B78B186DE61B00D6A54E /* SQLiteManagerDemo-Prefix.pch */,
				47E3B78C186DE61B00D6A54E /* ViewController.h */,
				47E3B78D186DE61B00D6A54E /* ViewController.m */,
			);
			path = SQLiteManagerDemo;
			sourceTree = "<group>";
		};
/* End PBXGroup section */

/* Begin PBXNativeTarget section */
		47DE44B5177A8DC50040A397 /* SQLiteManagerDemo */ = {
			isa = PBXNativeTarget;
			buildConfigurationList = 47DE44D9177A8DC50040A397 /* Build configuration list for PBXNativeTarget "SQLiteManagerDemo" */;
			buildPhases = (
				47DE44B2177A8DC50040A397 /* Sources */,
				47DE44B3177A8DC50040A397 /* Frameworks */,
				47DE44B4177A8DC50040A397 /* Resources */,
			);
			buildRules = (
			);
			dependencies = (
				477AD85F17849B72000F11E3 /* PBXTargetDependency */,
			);
			name = SQLiteManagerDemo;
			productName = SQLiteHelperDemo;
			productReference = 47DE44B6177A8DC50040A397 /* SQLiteManagerDemo.app */;
			productType = "com.apple.product-type.application";
		};
		47DE44DF177A8DE00040A397 /* SQLiteManager */ = {
			isa = PBXNativeTarget;
			buildConfigurationList = 47DE44E9177A8DE00040A397 /* Build configuration list for PBXNativeTarget "SQLiteManager" */;
			buildPhases = (
				47DE44DC177A8DE00040A397 /* Sources */,
				47DE44DD177A8DE00040A397 /* Frameworks */,
				47DE44DE177A8DE00040A397 /* CopyFiles */,
			);
			buildRules = (
			);
			dependencies = (
			);
			name = SQLiteManager;
			productName = SQLiteHelper;
			productReference = 47DE44E0177A8DE00040A397 /* libSQLiteManager.a */;
			productType = "com.apple.product-type.library.static";
		};
/* End PBXNativeTarget section */

/* Begin PBXProject section */
		47DE44AE177A8DC50040A397 /* Project object */ = {
			isa = PBXProject;
			attributes = {
				LastUpgradeCheck = 0460;
				ORGANIZATIONNAME = iBcker;
			};
			buildConfigurationList = 47DE44B1177A8DC50040A397 /* Build configuration list for PBXProject "SQLiteManagerDemo" */;
			compatibilityVersion = "Xcode 3.2";
			developmentRegion = English;
			hasScannedForEncodings = 0;
			knownRegions = (
				en,
			);
			mainGroup = 47DE44AD177A8DC50040A397;
			productRefGroup = 47DE44B7177A8DC50040A397 /* Products */;
			projectDirPath = "";
			projectRoot = "";
			targets = (
				47DE44B5177A8DC50040A397 /* SQLiteManagerDemo */,
				47DE44DF177A8DE00040A397 /* SQLiteManager */,
			);
		};
/* End PBXProject section */

/* Begin PBXResourcesBuildPhase section */
		47DE44B4177A8DC50040A397 /* Resources */ = {
			isa = PBXResourcesBuildPhase;
			buildActionMask = 2147483647;
			files = (
				47E3B791186DE61B00D6A54E /* Default@2x.png in Resources */,
				47E3B793186DE61B00D6A54E /* MainStoryboard.storyboard in Resources */,
				47E3B792186DE61B00D6A54E /* InfoPlist.strings in Resources */,
				47E3B78F186DE61B00D6A54E /* Default-568h@2x.png in Resources */,
				47E3B790186DE61B00D6A54E /* Default.png in Resources */,
				47E3B795186DE61B00D6A54E /* SQLiteManagerDemo-Info.plist in Resources */,
			);
			runOnlyForDeploymentPostprocessing = 0;
		};
/* End PBXResourcesBuildPhase section */

/* Begin PBXSourcesBuildPhase section */
		47DE44B2177A8DC50040A397 /* Sources */ = {
			isa = PBXSourcesBuildPhase;
			buildActionMask = 2147483647;
			files = (
				47E3B78E186DE61B00D6A54E /* AppDelegate.m in Sources */,
				47E3B794186DE61B00D6A54E /* main.m in Sources */,
				47E3B796186DE61B00D6A54E /* ViewController.m in Sources */,
				477AD8651784A75C000F11E3 /* Categorysss.m in Sources */,
			);
			runOnlyForDeploymentPostprocessing = 0;
		};
		47DE44DC177A8DE00040A397 /* Sources */ = {
			isa = PBXSourcesBuildPhase;
			buildActionMask = 2147483647;
			files = (
				477AD8661784A919000F11E3 /* Categorysss.m in Sources */,
				47E3B77C186DE5B800D6A54E /* SQLiteDriver.m in Sources */,
				47E3B77E186DE5B800D6A54E /* SQLiteResult.m in Sources */,
				47E3B77B186DE5B800D6A54E /* SQLiteCondition.m in Sources */,
				47E3B77D186DE5B800D6A54E /* SQLiteManager.m in Sources */,
			);
			runOnlyForDeploymentPostprocessing = 0;
		};
/* End PBXSourcesBuildPhase section */

/* Begin PBXTargetDependency section */
		477AD85F17849B72000F11E3 /* PBXTargetDependency */ = {
			isa = PBXTargetDependency;
			target = 47DE44DF177A8DE00040A397 /* SQLiteManager */;
			targetProxy = 477AD85E17849B72000F11E3 /* PBXContainerItemProxy */;
		};
/* End PBXTargetDependency section */

/* Begin PBXVariantGroup section */
		47E3B785186DE61B00D6A54E /* InfoPlist.strings */ = {
			isa = PBXVariantGroup;
			children = (
				47E3B786186DE61B00D6A54E /* en */,
			);
			name = InfoPlist.strings;
			sourceTree = "<group>";
		};
		47E3B787186DE61B00D6A54E /* MainStoryboard.storyboard */ = {
			isa = PBXVariantGroup;
			children = (
				47E3B788186DE61B00D6A54E /* en */,
			);
			name = MainStoryboard.storyboard;
			sourceTree = "<group>";
		};
/* End PBXVariantGroup section */

/* Begin XCBuildConfiguration section */
		47DE44D7177A8DC50040A397 /* Debug */ = {
			isa = XCBuildConfiguration;
			buildSettings = {
				ALWAYS_SEARCH_USER_PATHS = NO;
				CLANG_CXX_LANGUAGE_STANDARD = "gnu++0x";
				CLANG_CXX_LIBRARY = "libc++";
				CLANG_ENABLE_OBJC_ARC = YES;
				CLANG_WARN_CONSTANT_CONVERSION = YES;
				CLANG_WARN_EMPTY_BODY = YES;
				CLANG_WARN_ENUM_CONVERSION = YES;
				CLANG_WARN_INT_CONVERSION = YES;
				CLANG_WARN__DUPLICATE_METHOD_MATCH = YES;
				"CODE_SIGN_IDENTITY[sdk=iphoneos*]" = "iPhone Developer";
				COPY_PHASE_STRIP = NO;
				GCC_C_LANGUAGE_STANDARD = gnu99;
				GCC_DYNAMIC_NO_PIC = NO;
				GCC_OPTIMIZATION_LEVEL = 0;
				GCC_PREPROCESSOR_DEFINITIONS = (
					"DEBUG=1",
					"$(inherited)",
				);
				GCC_SYMBOLS_PRIVATE_EXTERN = NO;
				GCC_WARN_ABOUT_RETURN_TYPE = YES;
				GCC_WARN_UNINITIALIZED_AUTOS = YES;
				GCC_WARN_UNUSED_VARIABLE = YES;
				IPHONEOS_DEPLOYMENT_TARGET = 6.1;
				ONLY_ACTIVE_ARCH = YES;
				SDKROOT = iphoneos;
			};
			name = Debug;
		};
		47DE44D8177A8DC50040A397 /* Release */ = {
			isa = XCBuildConfiguration;
			buildSettings = {
				ALWAYS_SEARCH_USER_PATHS = NO;
				CLANG_CXX_LANGUAGE_STANDARD = "gnu++0x";
				CLANG_CXX_LIBRARY = "libc++";
				CLANG_ENABLE_OBJC_ARC = YES;
				CLANG_WARN_CONSTANT_CONVERSION = YES;
				CLANG_WARN_EMPTY_BODY = YES;
				CLANG_WARN_ENUM_CONVERSION = YES;
				CLANG_WARN_INT_CONVERSION = YES;
				CLANG_WARN__DUPLICATE_METHOD_MATCH = YES;
				"CODE_SIGN_IDENTITY[sdk=iphoneos*]" = "iPhone Developer";
				COPY_PHASE_STRIP = YES;
				GCC_C_LANGUAGE_STANDARD = gnu99;
				GCC_WARN_ABOUT_RETURN_TYPE = YES;
				GCC_WARN_UNINITIALIZED_AUTOS = YES;
				GCC_WARN_UNUSED_VARIABLE = YES;
				IPHONEOS_DEPLOYMENT_TARGET = 6.1;
				OTHER_CFLAGS = "-DNS_BLOCK_ASSERTIONS=1";
				SDKROOT = iphoneos;
				VALIDATE_PRODUCT = YES;
			};
			name = Release;
		};
		47DE44DA177A8DC50040A397 /* Debug */ = {
			isa = XCBuildConfiguration;
			buildSettings = {
				CLANG_ENABLE_OBJC_ARC = YES;
				GCC_PRECOMPILE_PREFIX_HEADER = YES;
				GCC_PREFIX_HEADER = "SQLiteManagerDemo/SQLiteManagerDemo-Prefix.pch";
				INFOPLIST_FILE = "SQLiteManagerDemo/SQLiteManagerDemo-Info.plist";
				PRODUCT_NAME = SQLiteManagerDemo;
				WRAPPER_EXTENSION = app;
			};
			name = Debug;
		};
		47DE44DB177A8DC50040A397 /* Release */ = {
			isa = XCBuildConfiguration;
			buildSettings = {
				CLANG_ENABLE_OBJC_ARC = YES;
				GCC_PRECOMPILE_PREFIX_HEADER = YES;
				GCC_PREFIX_HEADER = "SQLiteManagerDemo/SQLiteManagerDemo-Prefix.pch";
				INFOPLIST_FILE = "SQLiteManagerDemo/SQLiteManagerDemo-Info.plist";
				PRODUCT_NAME = SQLiteManagerDemo;
				WRAPPER_EXTENSION = app;
			};
			name = Release;
		};
		47DE44EA177A8DE00040A397 /* Debug */ = {
			isa = XCBuildConfiguration;
			buildSettings = {
				CLANG_ENABLE_OBJC_ARC = YES;
				DSTROOT = /tmp/SQLiteHelper.dst;
				GCC_PRECOMPILE_PREFIX_HEADER = YES;
				GCC_PREFIX_HEADER = "";
				IPHONEOS_DEPLOYMENT_TARGET = 5.0;
				OTHER_LDFLAGS = "-ObjC";
				PRODUCT_NAME = "$(TARGET_NAME)";
				SKIP_INSTALL = YES;
			};
			name = Debug;
		};
		47DE44EB177A8DE00040A397 /* Release */ = {
			isa = XCBuildConfiguration;
			buildSettings = {
				CLANG_ENABLE_OBJC_ARC = YES;
				DSTROOT = /tmp/SQLiteHelper.dst;
				GCC_PRECOMPILE_PREFIX_HEADER = YES;
				GCC_PREFIX_HEADER = "";
				IPHONEOS_DEPLOYMENT_TARGET = 5.0;
				OTHER_LDFLAGS = "-ObjC";
				PRODUCT_NAME = "$(TARGET_NAME)";
				SKIP_INSTALL = YES;
			};
			name = Release;
		};
/* End XCBuildConfiguration section */

/* Begin XCConfigurationList section */
		47DE44B1177A8DC50040A397 /* Build configuration list for PBXProject "SQLiteManagerDemo" */ = {
			isa = XCConfigurationList;
			buildConfigurations = (
				47DE44D7177A8DC50040A397 /* Debug */,
				47DE44D8177A8DC50040A397 /* Release */,
			);
			defaultConfigurationIsVisible = 0;
			defaultConfigurationName = Release;
		};
		47DE44D9177A8DC50040A397 /* Build configuration list for PBXNativeTarget "SQLiteManagerDemo" */ = {
			isa = XCConfigurationList;
			buildConfigurations = (
				47DE44DA177A8DC50040A397 /* Debug */,
				47DE44DB177A8DC50040A397 /* Release */,
			);
			defaultConfigurationIsVisible = 0;
			defaultConfigurationName = Release;
		};
		47DE44E9177A8DE00040A397 /* Build configuration list for PBXNativeTarget "SQLiteManager" */ = {
			isa = XCConfigurationList;
			buildConfigurations = (
				47DE44EA177A8DE00040A397 /* Debug */,
				47DE44EB177A8DE00040A397 /* Release */,
			);
			defaultConfigurationIsVisible = 0;
			defaultConfigurationName = Release;
		};
/* End XCConfigurationList section */
	};
	rootObject = 47DE44AE177A8DC50040A397 /* Project object */;
}
