// !$*UTF8*$!
{
	archiveVersion = 1;
	classes = {
	};
	objectVersion = 46;
	objects = {

/* Begin PBXBuildFile section */
		477AD86017849BA3000F11E3 /* libSQLiteHelper.a in Frameworks */ = {isa = PBXBuildFile; fileRef = 47DE44E0177A8DE00040A397 /* libSQLiteHelper.a */; };
		477AD86117849BB1000F11E3 /* libsqlite3.dylib in Frameworks */ = {isa = PBXBuildFile; fileRef = 47DE44EC177A92420040A397 /* libsqlite3.dylib */; };
		477AD8651784A75C000F11E3 /* Categorysss.m in Sources */ = {isa = PBXBuildFile; fileRef = 477AD8631784A5D3000F11E3 /* Categorysss.m */; };
		477AD8661784A919000F11E3 /* Categorysss.m in Sources */ = {isa = PBXBuildFile; fileRef = 477AD8631784A5D3000F11E3 /* Categorysss.m */; };
		47908908186C5AD700DC1DC7 /* SQLiteCondition.m in Sources */ = {isa = PBXBuildFile; fileRef = 47908907186C5AD700DC1DC7 /* SQLiteCondition.m */; };
		4790890B186C5B6600DC1DC7 /* SQLiteResult.m in Sources */ = {isa = PBXBuildFile; fileRef = 4790890A186C5B6600DC1DC7 /* SQLiteResult.m */; };
		4790890E186C5BA100DC1DC7 /* SQLiteDriver.m in Sources */ = {isa = PBXBuildFile; fileRef = 4790890D186C5BA100DC1DC7 /* SQLiteDriver.m */; };
		47DE44BA177A8DC50040A397 /* UIKit.framework in Frameworks */ = {isa = PBXBuildFile; fileRef = 47DE44B9177A8DC50040A397 /* UIKit.framework */; };
		47DE44BC177A8DC50040A397 /* Foundation.framework in Frameworks */ = {isa = PBXBuildFile; fileRef = 47DE44BB177A8DC50040A397 /* Foundation.framework */; };
		47DE44BE177A8DC50040A397 /* CoreGraphics.framework in Frameworks */ = {isa = PBXBuildFile; fileRef = 47DE44BD177A8DC50040A397 /* CoreGraphics.framework */; };
		47DE44C4177A8DC50040A397 /* InfoPlist.strings in Resources */ = {isa = PBXBuildFile; fileRef = 47DE44C2177A8DC50040A397 /* InfoPlist.strings */; };
		47DE44C6177A8DC50040A397 /* main.m in Sources */ = {isa = PBXBuildFile; fileRef = 47DE44C5177A8DC50040A397 /* main.m */; };
		47DE44CA177A8DC50040A397 /* AppDelegate.m in Sources */ = {isa = PBXBuildFile; fileRef = 47DE44C9177A8DC50040A397 /* AppDelegate.m */; };
		47DE44CC177A8DC50040A397 /* Default.png in Resources */ = {isa = PBXBuildFile; fileRef = 47DE44CB177A8DC50040A397 /* Default.png */; };
		47DE44CE177A8DC50040A397 /* Default@2x.png in Resources */ = {isa = PBXBuildFile; fileRef = 47DE44CD177A8DC50040A397 /* Default@2x.png */; };
		47DE44D0177A8DC50040A397 /* Default-568h@2x.png in Resources */ = {isa = PBXBuildFile; fileRef = 47DE44CF177A8DC50040A397 /* Default-568h@2x.png */; };
		47DE44D3177A8DC50040A397 /* MainStoryboard.storyboard in Resources */ = {isa = PBXBuildFile; fileRef = 47DE44D1177A8DC50040A397 /* MainStoryboard.storyboard */; };
		47DE44D6177A8DC50040A397 /* ViewController.m in Sources */ = {isa = PBXBuildFile; fileRef = 47DE44D5177A8DC50040A397 /* ViewController.m */; };
		47DE44E1177A8DE00040A397 /* Foundation.framework in Frameworks */ = {isa = PBXBuildFile; fileRef = 47DE44BB177A8DC50040A397 /* Foundation.framework */; };
		47DE44E6177A8DE00040A397 /* SQLiteManager.h in CopyFiles */ = {isa = PBXBuildFile; fileRef = 47DE44E5177A8DE00040A397 /* SQLiteManager.h */; };
		47DE44E8177A8DE00040A397 /* SQLiteManager.m in Sources */ = {isa = PBXBuildFile; fileRef = 47DE44E7177A8DE00040A397 /* SQLiteManager.m */; };
		47DE44ED177A92420040A397 /* libsqlite3.dylib in Frameworks */ = {isa = PBXBuildFile; fileRef = 47DE44EC177A92420040A397 /* libsqlite3.dylib */; };
/* End PBXBuildFile section */

/* Begin PBXContainerItemProxy section */
		477AD85E17849B72000F11E3 /* PBXContainerItemProxy */ = {
			isa = PBXContainerItemProxy;
			containerPortal = 47DE44AE177A8DC50040A397 /* Project object */;
			proxyType = 1;
			remoteGlobalIDString = 47DE44DF177A8DE00040A397;
			remoteInfo = SQLiteHelper;
		};
/* End PBXContainerItemProxy section */

/* Begin PBXCopyFilesBuildPhase section */
		47DE44DE177A8DE00040A397 /* CopyFiles */ = {
			isa = PBXCopyFilesBuildPhase;
			buildActionMask = 2147483647;
			dstPath = "include/${PRODUCT_NAME}";
			dstSubfolderSpec = 16;
			files = (
				47DE44E6177A8DE00040A397 /* SQLiteManager.h in CopyFiles */,
			);
			runOnlyForDeploymentPostprocessing = 0;
		};
/* End PBXCopyFilesBuildPhase section */

/* Begin PBXFileReference section */
		477AD8621784A5D3000F11E3 /* Categorysss.h */ = {isa = PBXFileReference; fileEncoding = 4; lastKnownFileType = sourcecode.c.h; path = Categorysss.h; sourceTree = "<group>"; };
		477AD8631784A5D3000F11E3 /* Categorysss.m */ = {isa = PBXFileReference; fileEncoding = 4; lastKnownFileType = sourcecode.c.objc; path = Categorysss.m; sourceTree = "<group>"; };
		47908906186C5AD700DC1DC7 /* SQLiteCondition.h */ = {isa = PBXFileReference; fileEncoding = 4; lastKnownFileType = sourcecode.c.h; path = SQLiteCondition.h; sourceTree = "<group>"; };
		47908907186C5AD700DC1DC7 /* SQLiteCondition.m */ = {isa = PBXFileReference; fileEncoding = 4; lastKnownFileType = sourcecode.c.objc; path = SQLiteCondition.m; sourceTree = "<group>"; };
		47908909186C5B6600DC1DC7 /* SQLiteResult.h */ = {isa = PBXFileReference; fileEncoding = 4; lastKnownFileType = sourcecode.c.h; path = SQLiteResult.h; sourceTree = "<group>"; };
		4790890A186C5B6600DC1DC7 /* SQLiteResult.m */ = {isa = PBXFileReference; fileEncoding = 4; lastKnownFileType = sourcecode.c.objc; path = SQLiteResult.m; sourceTree = "<group>"; };
		4790890C186C5BA100DC1DC7 /* SQLiteDriver.h */ = {isa = PBXFileReference; fileEncoding = 4; lastKnownFileType = sourcecode.c.h; path = SQLiteDriver.h; sourceTree = "<group>"; };
		4790890D186C5BA100DC1DC7 /* SQLiteDriver.m */ = {isa = PBXFileReference; fileEncoding = 4; lastKnownFileType = sourcecode.c.objc; path = SQLiteDriver.m; sourceTree = "<group>"; };
		47DE44B6177A8DC50040A397 /* SQLiteHelperDemo.app */ = {isa = PBXFileReference; explicitFileType = wrapper.application; includeInIndex = 0; path = SQLiteHelperDemo.app; sourceTree = BUILT_PRODUCTS_DIR; };
		47DE44B9177A8DC50040A397 /* UIKit.framework */ = {isa = PBXFileReference; lastKnownFileType = wrapper.framework; name = UIKit.framework; path = System/Library/Frameworks/UIKit.framework; sourceTree = SDKROOT; };
		47DE44BB177A8DC50040A397 /* Foundation.framework */ = {isa = PBXFileReference; lastKnownFileType = wrapper.framework; name = Foundation.framework; path = System/Library/Frameworks/Foundation.framework; sourceTree = SDKROOT; };
		47DE44BD177A8DC50040A397 /* CoreGraphics.framework */ = {isa = PBXFileReference; lastKnownFileType = wrapper.framework; name = CoreGraphics.framework; path = System/Library/Frameworks/CoreGraphics.framework; sourceTree = SDKROOT; };
		47DE44C1177A8DC50040A397 /* SQLiteHelperDemo-Info.plist */ = {isa = PBXFileReference; lastKnownFileType = text.plist.xml; path = "SQLiteHelperDemo-Info.plist"; sourceTree = "<group>"; };
		47DE44C3177A8DC50040A397 /* en */ = {isa = PBXFileReference; lastKnownFileType = text.plist.strings; name = en; path = en.lproj/InfoPlist.strings; sourceTree = "<group>"; };
		47DE44C5177A8DC50040A397 /* main.m */ = {isa = PBXFileReference; lastKnownFileType = sourcecode.c.objc; path = main.m; sourceTree = "<group>"; };
		47DE44C7177A8DC50040A397 /* SQLiteHelperDemo-Prefix.pch */ = {isa = PBXFileReference; lastKnownFileType = sourcecode.c.h; path = "SQLiteHelperDemo-Prefix.pch"; sourceTree = "<group>"; };
		47DE44C8177A8DC50040A397 /* AppDelegate.h */ = {isa = PBXFileReference; lastKnownFileType = sourcecode.c.h; path = AppDelegate.h; sourceTree = "<group>"; };
		47DE44C9177A8DC50040A397 /* AppDelegate.m */ = {isa = PBXFileReference; lastKnownFileType = sourcecode.c.objc; path = AppDelegate.m; sourceTree = "<group>"; };
		47DE44CB177A8DC50040A397 /* Default.png */ = {isa = PBXFileReference; lastKnownFileType = image.png; path = Default.png; sourceTree = "<group>"; };
		47DE44CD177A8DC50040A397 /* Default@2x.png */ = {isa = PBXFileReference; lastKnownFileType = image.png; path = "Default@2x.png"; sourceTree = "<group>"; };
		47DE44CF177A8DC50040A397 /* Default-568h@2x.png */ = {isa = PBXFileReference; lastKnownFileType = image.png; path = "Default-568h@2x.png"; sourceTree = "<group>"; };
		47DE44D2177A8DC50040A397 /* en */ = {isa = PBXFileReference; lastKnownFileType = file.storyboard; name = en; path = en.lproj/MainStoryboard.storyboard; sourceTree = "<group>"; };
		47DE44D4177A8DC50040A397 /* ViewController.h */ = {isa = PBXFileReference; lastKnownFileType = sourcecode.c.h; path = ViewController.h; sourceTree = "<group>"; };
		47DE44D5177A8DC50040A397 /* ViewController.m */ = {isa = PBXFileReference; lastKnownFileType = sourcecode.c.objc; path = ViewController.m; sourceTree = "<group>"; };
		47DE44E0177A8DE00040A397 /* libSQLiteHelper.a */ = {isa = PBXFileReference; explicitFileType = archive.ar; includeInIndex = 0; path = libSQLiteHelper.a; sourceTree = BUILT_PRODUCTS_DIR; };
		47DE44E5177A8DE00040A397 /* SQLiteManager.h */ = {isa = PBXFileReference; lastKnownFileType = sourcecode.c.h; path = SQLiteManager.h; sourceTree = "<group>"; };
		47DE44E7177A8DE00040A397 /* SQLiteManager.m */ = {isa = PBXFileReference; lastKnownFileType = sourcecode.c.objc; path = SQLiteManager.m; sourceTree = "<group>"; };
		47DE44EC177A92420040A397 /* libsqlite3.dylib */ = {isa = PBXFileReference; lastKnownFileType = "compiled.mach-o.dylib"; name = libsqlite3.dylib; path = usr/lib/libsqlite3.dylib; sourceTree = SDKROOT; };
/* End PBXFileReference section */

/* Begin PBXFrameworksBuildPhase section */
		47DE44B3177A8DC50040A397 /* Frameworks */ = {
			isa = PBXFrameworksBuildPhase;
			buildActionMask = 2147483647;
			files = (
				477AD86117849BB1000F11E3 /* libsqlite3.dylib in Frameworks */,
				477AD86017849BA3000F11E3 /* libSQLiteHelper.a in Frameworks */,
				47DE44BA177A8DC50040A397 /* UIKit.framework in Frameworks */,
				47DE44BC177A8DC50040A397 /* Foundation.framework in Frameworks */,
				47DE44BE177A8DC50040A397 /* CoreGraphics.framework in Frameworks */,
			);
			runOnlyForDeploymentPostprocessing = 0;
		};
		47DE44DD177A8DE00040A397 /* Frameworks */ = {
			isa = PBXFrameworksBuildPhase;
			buildActionMask = 2147483647;
			files = (
				47DE44ED177A92420040A397 /* libsqlite3.dylib in Frameworks */,
				47DE44E1177A8DE00040A397 /* Foundation.framework in Frameworks */,
			);
			runOnlyForDeploymentPostprocessing = 0;
		};
/* End PBXFrameworksBuildPhase section */

/* Begin PBXGroup section */
		47DE44AD177A8DC50040A397 = {
			isa = PBXGroup;
			children = (
				477AD8621784A5D3000F11E3 /* Categorysss.h */,
				477AD8631784A5D3000F11E3 /* Categorysss.m */,
				47DE44EC177A92420040A397 /* libsqlite3.dylib */,
				47DE44BF177A8DC50040A397 /* SQLiteHelperDemo */,
				47DE44E2177A8DE00040A397 /* SQLiteHelper */,
				47DE44B8177A8DC50040A397 /* Frameworks */,
				47DE44B7177A8DC50040A397 /* Products */,
			);
			sourceTree = "<group>";
		};
		47DE44B7177A8DC50040A397 /* Products */ = {
			isa = PBXGroup;
			children = (
				47DE44B6177A8DC50040A397 /* SQLiteHelperDemo.app */,
				47DE44E0177A8DE00040A397 /* libSQLiteHelper.a */,
			);
			name = Products;
			sourceTree = "<group>";
		};
		47DE44B8177A8DC50040A397 /* Frameworks */ = {
			isa = PBXGroup;
			children = (
				47DE44B9177A8DC50040A397 /* UIKit.framework */,
				47DE44BB177A8DC50040A397 /* Foundation.framework */,
				47DE44BD177A8DC50040A397 /* CoreGraphics.framework */,
			);
			name = Frameworks;
			sourceTree = "<group>";
		};
		47DE44BF177A8DC50040A397 /* SQLiteHelperDemo */ = {
			isa = PBXGroup;
			children = (
				47DE44C8177A8DC50040A397 /* AppDelegate.h */,
				47DE44C9177A8DC50040A397 /* AppDelegate.m */,
				47DE44D1177A8DC50040A397 /* MainStoryboard.storyboard */,
				47DE44D4177A8DC50040A397 /* ViewController.h */,
				47DE44D5177A8DC50040A397 /* ViewController.m */,
				47DE44C0177A8DC50040A397 /* Supporting Files */,
			);
			path = SQLiteHelperDemo;
			sourceTree = "<group>";
		};
		47DE44C0177A8DC50040A397 /* Supporting Files */ = {
			isa = PBXGroup;
			children = (
				47DE44C1177A8DC50040A397 /* SQLiteHelperDemo-Info.plist */,
				47DE44C2177A8DC50040A397 /* InfoPlist.strings */,
				47DE44C5177A8DC50040A397 /* main.m */,
				47DE44C7177A8DC50040A397 /* SQLiteHelperDemo-Prefix.pch */,
				47DE44CB177A8DC50040A397 /* Default.png */,
				47DE44CD177A8DC50040A397 /* Default@2x.png */,
				47DE44CF177A8DC50040A397 /* Default-568h@2x.png */,
			);
			name = "Supporting Files";
			sourceTree = "<group>";
		};
		47DE44E2177A8DE00040A397 /* SQLiteHelper */ = {
			isa = PBXGroup;
			children = (
				47DE44E5177A8DE00040A397 /* SQLiteManager.h */,
				47DE44E7177A8DE00040A397 /* SQLiteManager.m */,
				4790890C186C5BA100DC1DC7 /* SQLiteDriver.h */,
				4790890D186C5BA100DC1DC7 /* SQLiteDriver.m */,
				47908909186C5B6600DC1DC7 /* SQLiteResult.h */,
				4790890A186C5B6600DC1DC7 /* SQLiteResult.m */,
				47908906186C5AD700DC1DC7 /* SQLiteCondition.h */,
				47908907186C5AD700DC1DC7 /* SQLiteCondition.m */,
			);
			path = SQLiteHelper;
			sourceTree = "<group>";
		};
/* End PBXGroup section */

/* Begin PBXNativeTarget section */
		47DE44B5177A8DC50040A397 /* SQLiteHelperDemo */ = {
			isa = PBXNativeTarget;
			buildConfigurationList = 47DE44D9177A8DC50040A397 /* Build configuration list for PBXNativeTarget "SQLiteHelperDemo" */;
			buildPhases = (
				47DE44B2177A8DC50040A397 /* Sources */,
				47DE44B3177A8DC50040A397 /* Frameworks */,
				47DE44B4177A8DC50040A397 /* Resources */,
			);
			buildRules = (
			);
			dependencies = (
				477AD85F17849B72000F11E3 /* PBXTargetDependency */,
			);
			name = SQLiteHelperDemo;
			productName = SQLiteHelperDemo;
			productReference = 47DE44B6177A8DC50040A397 /* SQLiteHelperDemo.app */;
			productType = "com.apple.product-type.application";
		};
		47DE44DF177A8DE00040A397 /* SQLiteHelper */ = {
			isa = PBXNativeTarget;
			buildConfigurationList = 47DE44E9177A8DE00040A397 /* Build configuration list for PBXNativeTarget "SQLiteHelper" */;
			buildPhases = (
				47DE44DC177A8DE00040A397 /* Sources */,
				47DE44DD177A8DE00040A397 /* Frameworks */,
				47DE44DE177A8DE00040A397 /* CopyFiles */,
			);
			buildRules = (
			);
			dependencies = (
			);
			name = SQLiteHelper;
			productName = SQLiteHelper;
			productReference = 47DE44E0177A8DE00040A397 /* libSQLiteHelper.a */;
			productType = "com.apple.product-type.library.static";
		};
/* End PBXNativeTarget section */

/* Begin PBXProject section */
		47DE44AE177A8DC50040A397 /* Project object */ = {
			isa = PBXProject;
			attributes = {
				LastUpgradeCheck = 0460;
				ORGANIZATIONNAME = iBcker;
			};
			buildConfigurationList = 47DE44B1177A8DC50040A397 /* Build configuration list for PBXProject "SQLiteHelperDemo" */;
			compatibilityVersion = "Xcode 3.2";
			developmentRegion = English;
			hasScannedForEncodings = 0;
			knownRegions = (
				en,
			);
			mainGroup = 47DE44AD177A8DC50040A397;
			productRefGroup = 47DE44B7177A8DC50040A397 /* Products */;
			projectDirPath = "";
			projectRoot = "";
			targets = (
				47DE44B5177A8DC50040A397 /* SQLiteHelperDemo */,
				47DE44DF177A8DE00040A397 /* SQLiteHelper */,
			);
		};
/* End PBXProject section */

/* Begin PBXResourcesBuildPhase section */
		47DE44B4177A8DC50040A397 /* Resources */ = {
			isa = PBXResourcesBuildPhase;
			buildActionMask = 2147483647;
			files = (
				47DE44C4177A8DC50040A397 /* InfoPlist.strings in Resources */,
				47DE44CC177A8DC50040A397 /* Default.png in Resources */,
				47DE44CE177A8DC50040A397 /* Default@2x.png in Resources */,
				47DE44D0177A8DC50040A397 /* Default-568h@2x.png in Resources */,
				47DE44D3177A8DC50040A397 /* MainStoryboard.storyboard in Resources */,
			);
			runOnlyForDeploymentPostprocessing = 0;
		};
/* End PBXResourcesBuildPhase section */

/* Begin PBXSourcesBuildPhase section */
		47DE44B2177A8DC50040A397 /* Sources */ = {
			isa = PBXSourcesBuildPhase;
			buildActionMask = 2147483647;
			files = (
				47DE44C6177A8DC50040A397 /* main.m in Sources */,
				47DE44CA177A8DC50040A397 /* AppDelegate.m in Sources */,
				47DE44D6177A8DC50040A397 /* ViewController.m in Sources */,
				477AD8651784A75C000F11E3 /* Categorysss.m in Sources */,
			);
			runOnlyForDeploymentPostprocessing = 0;
		};
		47DE44DC177A8DE00040A397 /* Sources */ = {
			isa = PBXSourcesBuildPhase;
			buildActionMask = 2147483647;
			files = (
				47908908186C5AD700DC1DC7 /* SQLiteCondition.m in Sources */,
				47DE44E8177A8DE00040A397 /* SQLiteManager.m in Sources */,
				4790890E186C5BA100DC1DC7 /* SQLiteDriver.m in Sources */,
				4790890B186C5B6600DC1DC7 /* SQLiteResult.m in Sources */,
				477AD8661784A919000F11E3 /* Categorysss.m in Sources */,
			);
			runOnlyForDeploymentPostprocessing = 0;
		};
/* End PBXSourcesBuildPhase section */

/* Begin PBXTargetDependency section */
		477AD85F17849B72000F11E3 /* PBXTargetDependency */ = {
			isa = PBXTargetDependency;
			target = 47DE44DF177A8DE00040A397 /* SQLiteHelper */;
			targetProxy = 477AD85E17849B72000F11E3 /* PBXContainerItemProxy */;
		};
/* End PBXTargetDependency section */

/* Begin PBXVariantGroup section */
		47DE44C2177A8DC50040A397 /* InfoPlist.strings */ = {
			isa = PBXVariantGroup;
			children = (
				47DE44C3177A8DC50040A397 /* en */,
			);
			name = InfoPlist.strings;
			sourceTree = "<group>";
		};
		47DE44D1177A8DC50040A397 /* MainStoryboard.storyboard */ = {
			isa = PBXVariantGroup;
			children = (
				47DE44D2177A8DC50040A397 /* en */,
			);
			name = MainStoryboard.storyboard;
			sourceTree = "<group>";
		};
/* End PBXVariantGroup section */

/* Begin XCBuildConfiguration section */
		47DE44D7177A8DC50040A397 /* Debug */ = {
			isa = XCBuildConfiguration;
			buildSettings = {
				ALWAYS_SEARCH_USER_PATHS = NO;
				CLANG_CXX_LANGUAGE_STANDARD = "gnu++0x";
				CLANG_CXX_LIBRARY = "libc++";
				CLANG_WARN_CONSTANT_CONVERSION = YES;
				CLANG_WARN_EMPTY_BODY = YES;
				CLANG_WARN_ENUM_CONVERSION = YES;
				CLANG_WARN_INT_CONVERSION = YES;
				CLANG_WARN__DUPLICATE_METHOD_MATCH = YES;
				"CODE_SIGN_IDENTITY[sdk=iphoneos*]" = "iPhone Developer";
				COPY_PHASE_STRIP = NO;
				GCC_C_LANGUAGE_STANDARD = gnu99;
				GCC_DYNAMIC_NO_PIC = NO;
				GCC_OPTIMIZATION_LEVEL = 0;
				GCC_PREPROCESSOR_DEFINITIONS = (
					"DEBUG=1",
					"$(inherited)",
				);
				GCC_SYMBOLS_PRIVATE_EXTERN = NO;
				GCC_WARN_ABOUT_RETURN_TYPE = YES;
				GCC_WARN_UNINITIALIZED_AUTOS = YES;
				GCC_WARN_UNUSED_VARIABLE = YES;
				IPHONEOS_DEPLOYMENT_TARGET = 6.1;
				ONLY_ACTIVE_ARCH = YES;
				SDKROOT = iphoneos;
			};
			name = Debug;
		};
		47DE44D8177A8DC50040A397 /* Release */ = {
			isa = XCBuildConfiguration;
			buildSettings = {
				ALWAYS_SEARCH_USER_PATHS = NO;
				CLANG_CXX_LANGUAGE_STANDARD = "gnu++0x";
				CLANG_CXX_LIBRARY = "libc++";
				CLANG_WARN_CONSTANT_CONVERSION = YES;
				CLANG_WARN_EMPTY_BODY = YES;
				CLANG_WARN_ENUM_CONVERSION = YES;
				CLANG_WARN_INT_CONVERSION = YES;
				CLANG_WARN__DUPLICATE_METHOD_MATCH = YES;
				"CODE_SIGN_IDENTITY[sdk=iphoneos*]" = "iPhone Developer";
				COPY_PHASE_STRIP = YES;
				GCC_C_LANGUAGE_STANDARD = gnu99;
				GCC_WARN_ABOUT_RETURN_TYPE = YES;
				GCC_WARN_UNINITIALIZED_AUTOS = YES;
				GCC_WARN_UNUSED_VARIABLE = YES;
				IPHONEOS_DEPLOYMENT_TARGET = 6.1;
				OTHER_CFLAGS = "-DNS_BLOCK_ASSERTIONS=1";
				SDKROOT = iphoneos;
				VALIDATE_PRODUCT = YES;
			};
			name = Release;
		};
		47DE44DA177A8DC50040A397 /* Debug */ = {
			isa = XCBuildConfiguration;
			buildSettings = {
				GCC_PRECOMPILE_PREFIX_HEADER = YES;
				GCC_PREFIX_HEADER = "SQLiteHelperDemo/SQLiteHelperDemo-Prefix.pch";
				INFOPLIST_FILE = "SQLiteHelperDemo/SQLiteHelperDemo-Info.plist";
				PRODUCT_NAME = "$(TARGET_NAME)";
				WRAPPER_EXTENSION = app;
			};
			name = Debug;
		};
		47DE44DB177A8DC50040A397 /* Release */ = {
			isa = XCBuildConfiguration;
			buildSettings = {
				GCC_PRECOMPILE_PREFIX_HEADER = YES;
				GCC_PREFIX_HEADER = "SQLiteHelperDemo/SQLiteHelperDemo-Prefix.pch";
				INFOPLIST_FILE = "SQLiteHelperDemo/SQLiteHelperDemo-Info.plist";
				PRODUCT_NAME = "$(TARGET_NAME)";
				WRAPPER_EXTENSION = app;
			};
			name = Release;
		};
		47DE44EA177A8DE00040A397 /* Debug */ = {
			isa = XCBuildConfiguration;
			buildSettings = {
				CLANG_ENABLE_OBJC_ARC = YES;
				DSTROOT = /tmp/SQLiteHelper.dst;
				GCC_PRECOMPILE_PREFIX_HEADER = YES;
				GCC_PREFIX_HEADER = "";
				OTHER_LDFLAGS = "-ObjC";
				PRODUCT_NAME = "$(TARGET_NAME)";
				SKIP_INSTALL = YES;
			};
			name = Debug;
		};
		47DE44EB177A8DE00040A397 /* Release */ = {
			isa = XCBuildConfiguration;
			buildSettings = {
				CLANG_ENABLE_OBJC_ARC = YES;
				DSTROOT = /tmp/SQLiteHelper.dst;
				GCC_PRECOMPILE_PREFIX_HEADER = YES;
				GCC_PREFIX_HEADER = "";
				OTHER_LDFLAGS = "-ObjC";
				PRODUCT_NAME = "$(TARGET_NAME)";
				SKIP_INSTALL = YES;
			};
			name = Release;
		};
/* End XCBuildConfiguration section */

/* Begin XCConfigurationList section */
		47DE44B1177A8DC50040A397 /* Build configuration list for PBXProject "SQLiteHelperDemo" */ = {
			isa = XCConfigurationList;
			buildConfigurations = (
				47DE44D7177A8DC50040A397 /* Debug */,
				47DE44D8177A8DC50040A397 /* Release */,
			);
			defaultConfigurationIsVisible = 0;
			defaultConfigurationName = Release;
		};
		47DE44D9177A8DC50040A397 /* Build configuration list for PBXNativeTarget "SQLiteHelperDemo" */ = {
			isa = XCConfigurationList;
			buildConfigurations = (
				47DE44DA177A8DC50040A397 /* Debug */,
				47DE44DB177A8DC50040A397 /* Release */,
			);
			defaultConfigurationIsVisible = 0;
			defaultConfigurationName = Release;
		};
		47DE44E9177A8DE00040A397 /* Build configuration list for PBXNativeTarget "SQLiteHelper" */ = {
			isa = XCConfigurationList;
			buildConfigurations = (
				47DE44EA177A8DE00040A397 /* Debug */,
				47DE44EB177A8DE00040A397 /* Release */,
			);
			defaultConfigurationIsVisible = 0;
			defaultConfigurationName = Release;
		};
/* End XCConfigurationList section */
	};
	rootObject = 47DE44AE177A8DC50040A397 /* Project object */;
}
